
Microsoft Visual Studio Solution File, Format Version 12.00
# Visual Studio Version 17
VisualStudioVersion = 17.3.32825.248
MinimumVisualStudioVersion = 10.0.40219.1
Project("{FAE04EC0-301F-11D3-BF4B-00C04F79EFBC}") = "MinimalLibraryApi", "MinimalLibraryApi\MinimalLibraryApi.csproj", "{61029234-D02A-4E8E-93C3-53302EE46111}"
EndProject
Global
	GlobalSection(SolutionConfigurationPlatforms) = preSolution
		Debug|Any CPU = Debug|Any CPU
		Release|Any CPU = Release|Any CPU
	EndGlobalSection
	GlobalSection(ProjectConfigurationPlatforms) = postSolution
		{61029234-D02A-4E8E-93C3-53302EE46111}.Debug|Any CPU.ActiveCfg = Debug|Any CPU
		{61029234-D02A-4E8E-93C3-53302EE46111}.Debug|Any CPU.Build.0 = Debug|Any CPU
		{61029234-D02A-4E8E-93C3-53302EE46111}.Release|Any CPU.ActiveCfg = Release|Any CPU
		{61029234-D02A-4E8E-93C3-53302EE46111}.Release|Any CPU.Build.0 = Release|Any CPU
	EndGlobalSection
	GlobalSection(SolutionProperties) = preSolution
		HideSolutionNode = FALSE
	EndGlobalSection
	GlobalSection(ExtensibilityGlobals) = postSolution
		SolutionGuid = {D47FFD59-2091-4BCD-9580-E416C9C71B15}
	EndGlobalSection
EndGlobal
